
Microsoft Visual Studio Solution File, Format Version 10.00
# Visual Studio 2008
Project("{8BC9CEB8-8B4A-11D0-8D11-00A0C91BC942}") = "Date", "Date\Date.vcproj", "{2F95E1F7-E335-44C9-9C25-1A970B8A707D}"
EndProject
Global
	GlobalSection(SolutionConfigurationPlatforms) = preSolution
		Debug|Win32 = Debug|Win32
		Release|Win32 = Release|Win32
	EndGlobalSection
	GlobalSection(ProjectConfigurationPlatforms) = postSolution
		{2F95E1F7-E335-44C9-9C25-1A970B8A707D}.Debug|Win32.ActiveCfg = Debug|Win32
		{2F95E1F7-E335-44C9-9C25-1A970B8A707D}.Debug|Win32.Build.0 = Debug|Win32
		{2F95E1F7-E335-44C9-9C25-1A970B8A707D}.Release|Win32.ActiveCfg = Release|Win32
		{2F95E1F7-E335-44C9-9C25-1A970B8A707D}.Release|Win32.Build.0 = Release|Win32
	EndGlobalSection
	GlobalSection(SolutionProperties) = preSolution
		HideSolutionNode = FALSE
	EndGlobalSection
EndGlobal
