
Microsoft Visual Studio Solution File, Format Version 10.00
# Visual C# Express 2008
Project("{FAE04EC0-301F-11D3-BF4B-00C04F79EFBC}") = "Withdrawal", "Withdrawal\Withdrawal.csproj", "{A39A917B-D109-4205-B383-4934E84DB5DE}"
EndProject
Global
	GlobalSection(SolutionConfigurationPlatforms) = preSolution
		Debug|Any CPU = Debug|Any CPU
		Release|Any CPU = Release|Any CPU
	EndGlobalSection
	GlobalSection(ProjectConfigurationPlatforms) = postSolution
		{A39A917B-D109-4205-B383-4934E84DB5DE}.Debug|Any CPU.ActiveCfg = Debug|Any CPU
		{A39A917B-D109-4205-B383-4934E84DB5DE}.Debug|Any CPU.Build.0 = Debug|Any CPU
		{A39A917B-D109-4205-B383-4934E84DB5DE}.Release|Any CPU.ActiveCfg = Release|Any CPU
		{A39A917B-D109-4205-B383-4934E84DB5DE}.Release|Any CPU.Build.0 = Release|Any CPU
	EndGlobalSection
	GlobalSection(SolutionProperties) = preSolution
		HideSolutionNode = FALSE
	EndGlobalSection
EndGlobal
