
Microsoft Visual Studio Solution File, Format Version 10.00
# Visual C# Express 2008
Project("{FAE04EC0-301F-11D3-BF4B-00C04F79EFBC}") = "Clock", "Clock\Clock.csproj", "{E2BC6FA7-639D-4999-884A-BCB4F0117E1E}"
EndProject
Global
	GlobalSection(SolutionConfigurationPlatforms) = preSolution
		Debug|Any CPU = Debug|Any CPU
		Release|Any CPU = Release|Any CPU
	EndGlobalSection
	GlobalSection(ProjectConfigurationPlatforms) = postSolution
		{E2BC6FA7-639D-4999-884A-BCB4F0117E1E}.Debug|Any CPU.ActiveCfg = Debug|Any CPU
		{E2BC6FA7-639D-4999-884A-BCB4F0117E1E}.Debug|Any CPU.Build.0 = Debug|Any CPU
		{E2BC6FA7-639D-4999-884A-BCB4F0117E1E}.Release|Any CPU.ActiveCfg = Release|Any CPU
		{E2BC6FA7-639D-4999-884A-BCB4F0117E1E}.Release|Any CPU.Build.0 = Release|Any CPU
	EndGlobalSection
	GlobalSection(SolutionProperties) = preSolution
		HideSolutionNode = FALSE
	EndGlobalSection
EndGlobal
