
Microsoft Visual Studio Solution File, Format Version 10.00
# Visual C# Express 2008
Project("{FAE04EC0-301F-11D3-BF4B-00C04F79EFBC}") = "LabelTextBoxButtonTest", "LabelTextBoxButtonTest\LabelTextBoxButtonTest.csproj", "{D9F6E2BF-3A79-45CA-86FF-3E4D54DC861A}"
EndProject
Global
	GlobalSection(SolutionConfigurationPlatforms) = preSolution
		Debug|Any CPU = Debug|Any CPU
		Release|Any CPU = Release|Any CPU
	EndGlobalSection
	GlobalSection(ProjectConfigurationPlatforms) = postSolution
		{D9F6E2BF-3A79-45CA-86FF-3E4D54DC861A}.Debug|Any CPU.ActiveCfg = Debug|Any CPU
		{D9F6E2BF-3A79-45CA-86FF-3E4D54DC861A}.Debug|Any CPU.Build.0 = Debug|Any CPU
		{D9F6E2BF-3A79-45CA-86FF-3E4D54DC861A}.Release|Any CPU.ActiveCfg = Release|Any CPU
		{D9F6E2BF-3A79-45CA-86FF-3E4D54DC861A}.Release|Any CPU.Build.0 = Release|Any CPU
	EndGlobalSection
	GlobalSection(SolutionProperties) = preSolution
		HideSolutionNode = FALSE
	EndGlobalSection
EndGlobal
