
Microsoft Visual Studio Solution File, Format Version 10.00
# Visual Studio 2008
Project("{FAE04EC0-301F-11D3-BF4B-00C04F79EFBC}") = "RoboRampage", "RoboRampage\RoboRampage.csproj", "{DB45665B-8516-4F6A-A740-86661881A000}"
EndProject
Global
	GlobalSection(SolutionConfigurationPlatforms) = preSolution
		Debug|Any CPU = Debug|Any CPU
		Release|Any CPU = Release|Any CPU
	EndGlobalSection
	GlobalSection(ProjectConfigurationPlatforms) = postSolution
		{DB45665B-8516-4F6A-A740-86661881A000}.Debug|Any CPU.ActiveCfg = Debug|Any CPU
		{DB45665B-8516-4F6A-A740-86661881A000}.Debug|Any CPU.Build.0 = Debug|Any CPU
		{DB45665B-8516-4F6A-A740-86661881A000}.Release|Any CPU.ActiveCfg = Release|Any CPU
		{DB45665B-8516-4F6A-A740-86661881A000}.Release|Any CPU.Build.0 = Release|Any CPU
	EndGlobalSection
	GlobalSection(SolutionProperties) = preSolution
		HideSolutionNode = FALSE
	EndGlobalSection
EndGlobal
