
Microsoft Visual Studio Solution File, Format Version 11.00
# Visual Studio 2010
Project("{FAE04EC0-301F-11D3-BF4B-00C04F79EFBC}") = "SpeechDemo", "SpeechDemo\SpeechDemo.csproj", "{8B2E98BB-BC7A-4944-BD59-2AE57CD9998E}"
EndProject
Global
	GlobalSection(SolutionConfigurationPlatforms) = preSolution
		Debug|Any CPU = Debug|Any CPU
		Release|Any CPU = Release|Any CPU
	EndGlobalSection
	GlobalSection(ProjectConfigurationPlatforms) = postSolution
		{8B2E98BB-BC7A-4944-BD59-2AE57CD9998E}.Debug|Any CPU.ActiveCfg = Debug|Any CPU
		{8B2E98BB-BC7A-4944-BD59-2AE57CD9998E}.Debug|Any CPU.Build.0 = Debug|Any CPU
		{8B2E98BB-BC7A-4944-BD59-2AE57CD9998E}.Release|Any CPU.ActiveCfg = Release|Any CPU
		{8B2E98BB-BC7A-4944-BD59-2AE57CD9998E}.Release|Any CPU.Build.0 = Release|Any CPU
	EndGlobalSection
	GlobalSection(SolutionProperties) = preSolution
		HideSolutionNode = FALSE
	EndGlobalSection
EndGlobal
