
Microsoft Visual Studio Solution File, Format Version 10.00
# Visual Studio 2008
Project("{FAE04EC0-301F-11D3-BF4B-00C04F79EFBC}") = "DeepZoomCoverCollage", "DeepZoomCoverCollage\DeepZoomCoverCollage.csproj", "{2B7025E3-8179-41EA-9104-618A419EEB9C}"
EndProject
Project("{E24C65DC-7377-472B-9ABA-BC803B73C61A}") = "DeepZoomCoverCollageWeb", "DeepZoomCoverCollageWeb\", "{44DFB698-4C0C-4B64-96C6-0BCC50D91AAC}"
	ProjectSection(WebsiteProperties) = preProject
		TargetFramework = "3.5"
		Debug.AspNetCompiler.VirtualPath = "/DeepZoomCoverCollageWeb"
		Debug.AspNetCompiler.PhysicalPath = "DeepZoomCoverCollageWeb\"
		Debug.AspNetCompiler.TargetPath = "PrecompiledWeb\DeepZoomCoverCollageWeb\"
		Debug.AspNetCompiler.Updateable = "true"
		Debug.AspNetCompiler.ForceOverwrite = "true"
		Debug.AspNetCompiler.FixedNames = "false"
		Debug.AspNetCompiler.Debug = "True"
		Release.AspNetCompiler.VirtualPath = "/DeepZoomCoverCollageWeb"
		Release.AspNetCompiler.PhysicalPath = "DeepZoomCoverCollageWeb\"
		Release.AspNetCompiler.TargetPath = "PrecompiledWeb\DeepZoomCoverCollageWeb\"
		Release.AspNetCompiler.Updateable = "true"
		Release.AspNetCompiler.ForceOverwrite = "true"
		Release.AspNetCompiler.FixedNames = "false"
		Release.AspNetCompiler.Debug = "False"
		VWDPort = "50787"
		DefaultWebSiteLanguage = "Visual C#"
		ProjOutputReferences = "{2B7025E3-8179-41EA-9104-618A419EEB9C}|ClientBin|false;"
	EndProjectSection
EndProject
Global
	GlobalSection(SolutionConfigurationPlatforms) = preSolution
		Debug|.NET = Debug|.NET
		Debug|Any CPU = Debug|Any CPU
		Debug|Mixed Platforms = Debug|Mixed Platforms
		Release|.NET = Release|.NET
		Release|Any CPU = Release|Any CPU
		Release|Mixed Platforms = Release|Mixed Platforms
	EndGlobalSection
	GlobalSection(ProjectConfigurationPlatforms) = postSolution
		{2B7025E3-8179-41EA-9104-618A419EEB9C}.Debug|.NET.ActiveCfg = Debug|Any CPU
		{2B7025E3-8179-41EA-9104-618A419EEB9C}.Debug|Any CPU.ActiveCfg = Debug|Any CPU
		{2B7025E3-8179-41EA-9104-618A419EEB9C}.Debug|Any CPU.Build.0 = Debug|Any CPU
		{2B7025E3-8179-41EA-9104-618A419EEB9C}.Debug|Mixed Platforms.ActiveCfg = Debug|Any CPU
		{2B7025E3-8179-41EA-9104-618A419EEB9C}.Debug|Mixed Platforms.Build.0 = Debug|Any CPU
		{2B7025E3-8179-41EA-9104-618A419EEB9C}.Release|.NET.ActiveCfg = Release|Any CPU
		{2B7025E3-8179-41EA-9104-618A419EEB9C}.Release|Any CPU.ActiveCfg = Release|Any CPU
		{2B7025E3-8179-41EA-9104-618A419EEB9C}.Release|Any CPU.Build.0 = Release|Any CPU
		{2B7025E3-8179-41EA-9104-618A419EEB9C}.Release|Mixed Platforms.ActiveCfg = Release|Any CPU
		{2B7025E3-8179-41EA-9104-618A419EEB9C}.Release|Mixed Platforms.Build.0 = Release|Any CPU
		{44DFB698-4C0C-4B64-96C6-0BCC50D91AAC}.Debug|.NET.ActiveCfg = Debug|.NET
		{44DFB698-4C0C-4B64-96C6-0BCC50D91AAC}.Debug|.NET.Build.0 = Debug|.NET
		{44DFB698-4C0C-4B64-96C6-0BCC50D91AAC}.Debug|Any CPU.ActiveCfg = Debug|.NET
		{44DFB698-4C0C-4B64-96C6-0BCC50D91AAC}.Debug|Mixed Platforms.ActiveCfg = Debug|.NET
		{44DFB698-4C0C-4B64-96C6-0BCC50D91AAC}.Debug|Mixed Platforms.Build.0 = Debug|.NET
		{44DFB698-4C0C-4B64-96C6-0BCC50D91AAC}.Release|.NET.ActiveCfg = Debug|.NET
		{44DFB698-4C0C-4B64-96C6-0BCC50D91AAC}.Release|.NET.Build.0 = Debug|.NET
		{44DFB698-4C0C-4B64-96C6-0BCC50D91AAC}.Release|Any CPU.ActiveCfg = Debug|.NET
		{44DFB698-4C0C-4B64-96C6-0BCC50D91AAC}.Release|Mixed Platforms.ActiveCfg = Debug|.NET
		{44DFB698-4C0C-4B64-96C6-0BCC50D91AAC}.Release|Mixed Platforms.Build.0 = Debug|.NET
	EndGlobalSection
	GlobalSection(SolutionProperties) = preSolution
		HideSolutionNode = FALSE
	EndGlobalSection
EndGlobal
