
Microsoft Visual Studio Solution File, Format Version 10.00
# Visual C# Express 2008
Project("{FAE04EC0-301F-11D3-BF4B-00C04F79EFBC}") = "Withdrawal", "Withdrawal\Withdrawal.csproj", "{4CA62CC6-B6B3-469E-BA76-804A372348E9}"
EndProject
Global
	GlobalSection(SolutionConfigurationPlatforms) = preSolution
		Debug|Any CPU = Debug|Any CPU
		Release|Any CPU = Release|Any CPU
	EndGlobalSection
	GlobalSection(ProjectConfigurationPlatforms) = postSolution
		{4CA62CC6-B6B3-469E-BA76-804A372348E9}.Debug|Any CPU.ActiveCfg = Debug|Any CPU
		{4CA62CC6-B6B3-469E-BA76-804A372348E9}.Debug|Any CPU.Build.0 = Debug|Any CPU
		{4CA62CC6-B6B3-469E-BA76-804A372348E9}.Release|Any CPU.ActiveCfg = Release|Any CPU
		{4CA62CC6-B6B3-469E-BA76-804A372348E9}.Release|Any CPU.Build.0 = Release|Any CPU
	EndGlobalSection
	GlobalSection(SolutionProperties) = preSolution
		HideSolutionNode = FALSE
	EndGlobalSection
EndGlobal
