
Microsoft Visual Studio Solution File, Format Version 10.00
# Visual Studio 2008
Project("{FAE04EC0-301F-11D3-BF4B-00C04F79EFBC}") = "WriteXML", "WriteXML\WriteXML.csproj", "{F2D8BD5E-23D2-4FB7-B3C5-F234E36AF367}"
EndProject
Global
	GlobalSection(SolutionConfigurationPlatforms) = preSolution
		Debug|Any CPU = Debug|Any CPU
		Release|Any CPU = Release|Any CPU
	EndGlobalSection
	GlobalSection(ProjectConfigurationPlatforms) = postSolution
		{F2D8BD5E-23D2-4FB7-B3C5-F234E36AF367}.Debug|Any CPU.ActiveCfg = Debug|Any CPU
		{F2D8BD5E-23D2-4FB7-B3C5-F234E36AF367}.Debug|Any CPU.Build.0 = Debug|Any CPU
		{F2D8BD5E-23D2-4FB7-B3C5-F234E36AF367}.Release|Any CPU.ActiveCfg = Release|Any CPU
		{F2D8BD5E-23D2-4FB7-B3C5-F234E36AF367}.Release|Any CPU.Build.0 = Release|Any CPU
	EndGlobalSection
	GlobalSection(SolutionProperties) = preSolution
		HideSolutionNode = FALSE
	EndGlobalSection
EndGlobal
