
Microsoft Visual Studio Solution File, Format Version 9.00
# Visual Studio 2005
Project("{8BC9CEB8-8B4A-11D0-8D11-00A0C91BC942}") = "april2", "april2\april2.vcproj", "{9301BCA7-2C35-4D39-990B-F0BE903FCAD0}"
EndProject
Global
	GlobalSection(SolutionConfigurationPlatforms) = preSolution
		Debug|Win32 = Debug|Win32
		Release|Win32 = Release|Win32
	EndGlobalSection
	GlobalSection(ProjectConfigurationPlatforms) = postSolution
		{9301BCA7-2C35-4D39-990B-F0BE903FCAD0}.Debug|Win32.ActiveCfg = Debug|Win32
		{9301BCA7-2C35-4D39-990B-F0BE903FCAD0}.Debug|Win32.Build.0 = Debug|Win32
		{9301BCA7-2C35-4D39-990B-F0BE903FCAD0}.Release|Win32.ActiveCfg = Release|Win32
		{9301BCA7-2C35-4D39-990B-F0BE903FCAD0}.Release|Win32.Build.0 = Release|Win32
	EndGlobalSection
	GlobalSection(SolutionProperties) = preSolution
		HideSolutionNode = FALSE
	EndGlobalSection
EndGlobal
